
Microsoft Visual Studio Solution File, Format Version 12.00
# Visual Studio Version 17
VisualStudioVersion = 17.5.002.0
MinimumVisualStudioVersion = 10.0.40219.1
Project("{9A19103F-16F7-4668-BE54-9A1E7A4F7556}") = "PlatformService", "PlatformService.csproj", "{647A99DF-8072-4A1F-BF0F-611750ACFA4B}"
EndProject
Global
	GlobalSection(SolutionConfigurationPlatforms) = preSolution
		Debug|Any CPU = Debug|Any CPU
		Release|Any CPU = Release|Any CPU
	EndGlobalSection
	GlobalSection(ProjectConfigurationPlatforms) = postSolution
		{647A99DF-8072-4A1F-BF0F-611750ACFA4B}.Debug|Any CPU.ActiveCfg = Debug|Any CPU
		{647A99DF-8072-4A1F-BF0F-611750ACFA4B}.Debug|Any CPU.Build.0 = Debug|Any CPU
		{647A99DF-8072-4A1F-BF0F-611750ACFA4B}.Release|Any CPU.ActiveCfg = Release|Any CPU
		{647A99DF-8072-4A1F-BF0F-611750ACFA4B}.Release|Any CPU.Build.0 = Release|Any CPU
	EndGlobalSection
	GlobalSection(SolutionProperties) = preSolution
		HideSolutionNode = FALSE
	EndGlobalSection
	GlobalSection(ExtensibilityGlobals) = postSolution
		SolutionGuid = {B1878A81-7184-4082-8072-CA4E7AB5AA69}
	EndGlobalSection
EndGlobal
